// !$*UTF8*$!
{
	archiveVersion = 1;
	classes = {
	};
	objectVersion = 50;
	objects = {

/* Begin PBXBuildFile section */
		CD07F69F207F46AC00F0CE33 /* Style.swift in Sources */ = {isa = PBXBuildFile; fileRef = CD07F69E207F46AC00F0CE33 /* Style.swift */; };
		CD07F6A1207F6B5000F0CE33 /* Pressable.swift in Sources */ = {isa = PBXBuildFile; fileRef = CD07F6A0207F6B5000F0CE33 /* Pressable.swift */; };
		CD23C19720865E8000B37A52 /* NavigationTransition.swift in Sources */ = {isa = PBXBuildFile; fileRef = CD23C19620865E8000B37A52 /* NavigationTransition.swift */; };
		CD2A29E9208BA78E00789343 /* NavigationDetailViewController.swift in Sources */ = {isa = PBXBuildFile; fileRef = CD2A29E8208BA78E00789343 /* NavigationDetailViewController.swift */; };
		CD2A29EB208BAADE00789343 /* EmbedExampleViewController.swift in Sources */ = {isa = PBXBuildFile; fileRef = CD2A29EA208BAADE00789343 /* EmbedExampleViewController.swift */; };
		CD2A29ED208BAD3100789343 /* EmbedExample.storyboard in Resources */ = {isa = PBXBuildFile; fileRef = CD2A29EC208BAD3100789343 /* EmbedExample.storyboard */; };
		CD2A29F0208BB25E00789343 /* CustomTransitionViewController.swift in Sources */ = {isa = PBXBuildFile; fileRef = CD2A29EF208BB25E00789343 /* CustomTransitionViewController.swift */; };
		CD2A29F2208BB26A00789343 /* CustomTransition.storyboard in Resources */ = {isa = PBXBuildFile; fileRef = CD2A29F1208BB26A00789343 /* CustomTransition.storyboard */; };
		CD2A29F5208BB71300789343 /* CustomTransitioningDelegate.swift in Sources */ = {isa = PBXBuildFile; fileRef = CD2A29F4208BB71300789343 /* CustomTransitioningDelegate.swift */; };
		CD2A29F7208BB78D00789343 /* PressableView.swift in Sources */ = {isa = PBXBuildFile; fileRef = CD2A29F6208BB78D00789343 /* PressableView.swift */; };
		CD2A29FB208BB97900789343 /* FrontCardView.swift in Sources */ = {isa = PBXBuildFile; fileRef = CD2A29FA208BB97900789343 /* FrontCardView.swift */; };
		CD2A29FD208BB98500789343 /* FrontCardView.xib in Resources */ = {isa = PBXBuildFile; fileRef = CD2A29FC208BB98500789343 /* FrontCardView.xib */; };
		CD2A2A02208BBC1500789343 /* CREDC___.ttf in Resources */ = {isa = PBXBuildFile; fileRef = CD2A2A01208BBC1500789343 /* CREDC___.ttf */; };
		CD2A2A04208BBECA00789343 /* NibInitializable.swift in Sources */ = {isa = PBXBuildFile; fileRef = CD2A2A03208BBECA00789343 /* NibInitializable.swift */; };
		CD2A2A06208BC02300789343 /* CardDetailViewController.swift in Sources */ = {isa = PBXBuildFile; fileRef = CD2A2A05208BC02300789343 /* CardDetailViewController.swift */; };
		CD2A2A09208BC2A600789343 /* CardModel.swift in Sources */ = {isa = PBXBuildFile; fileRef = CD2A2A08208BC2A600789343 /* CardModel.swift */; };
		CD2A2A0C208DC23400789343 /* DefaultTransitionViewController.swift in Sources */ = {isa = PBXBuildFile; fileRef = CD2A2A0B208DC23400789343 /* DefaultTransitionViewController.swift */; };
		CD2A2A0E208DC25700789343 /* DefaultTransition.storyboard in Resources */ = {isa = PBXBuildFile; fileRef = CD2A2A0D208DC25700789343 /* DefaultTransition.storyboard */; };
		CD2A2A10208DE2F200789343 /* AboutViewController.swift in Sources */ = {isa = PBXBuildFile; fileRef = CD2A2A0F208DE2F200789343 /* AboutViewController.swift */; };
		CD34FEF1208E507800315F33 /* CustomMoreActionViewController.swift in Sources */ = {isa = PBXBuildFile; fileRef = CD34FEF0208E507800315F33 /* CustomMoreActionViewController.swift */; };
		CD356FB420A0771D0001FD20 /* DefaultModel.swift in Sources */ = {isa = PBXBuildFile; fileRef = CD356FB320A0771D0001FD20 /* DefaultModel.swift */; };
		CD356FBB20A07C200001FD20 /* DetailAssembler.swift in Sources */ = {isa = PBXBuildFile; fileRef = CD356FBA20A07C200001FD20 /* DetailAssembler.swift */; };
		CD356FBE20A07C660001FD20 /* DetailViewController.swift in Sources */ = {isa = PBXBuildFile; fileRef = CD356FBD20A07C660001FD20 /* DetailViewController.swift */; };
		CD356FC020A07C7A0001FD20 /* DetailViewIO.swift in Sources */ = {isa = PBXBuildFile; fileRef = CD356FBF20A07C7A0001FD20 /* DetailViewIO.swift */; };
		CD356FC220A07CAF0001FD20 /* DetailPresenter.swift in Sources */ = {isa = PBXBuildFile; fileRef = CD356FC120A07CAF0001FD20 /* DetailPresenter.swift */; };
		CD356FC420A07CD30001FD20 /* DetailModuleInput.swift in Sources */ = {isa = PBXBuildFile; fileRef = CD356FC320A07CD30001FD20 /* DetailModuleInput.swift */; };
		CD356FC620A07D230001FD20 /* DetailRouter.swift in Sources */ = {isa = PBXBuildFile; fileRef = CD356FC520A07D230001FD20 /* DetailRouter.swift */; };
		CD356FC820A07D550001FD20 /* DetailRouterInput.swift in Sources */ = {isa = PBXBuildFile; fileRef = CD356FC720A07D550001FD20 /* DetailRouterInput.swift */; };
		CDD64D52208B7D1A00964491 /* NavigationTransition.storyboard in Resources */ = {isa = PBXBuildFile; fileRef = CDD64D51208B7D1A00964491 /* NavigationTransition.storyboard */; };
		CDD64D59208B98B600964491 /* NavigationCollectionViewCell.swift in Sources */ = {isa = PBXBuildFile; fileRef = CDD64D57208B98B600964491 /* NavigationCollectionViewCell.swift */; };
		CDD64D5A208B98B600964491 /* NavigationCollectionViewCell.xib in Resources */ = {isa = PBXBuildFile; fileRef = CDD64D58208B98B600964491 /* NavigationCollectionViewCell.xib */; };
		CDD64D5D208B99F400964491 /* NavigationModel.swift in Sources */ = {isa = PBXBuildFile; fileRef = CDD64D5C208B99F400964491 /* NavigationModel.swift */; };
		CDE33756207CF154006B0024 /* AppDelegate.swift in Sources */ = {isa = PBXBuildFile; fileRef = CDE33755207CF154006B0024 /* AppDelegate.swift */; };
		CDE33758207CF154006B0024 /* MainViewController.swift in Sources */ = {isa = PBXBuildFile; fileRef = CDE33757207CF154006B0024 /* MainViewController.swift */; };
		CDE3375B207CF154006B0024 /* Main.storyboard in Resources */ = {isa = PBXBuildFile; fileRef = CDE33759207CF154006B0024 /* Main.storyboard */; };
		CDE3375D207CF155006B0024 /* Assets.xcassets in Resources */ = {isa = PBXBuildFile; fileRef = CDE3375C207CF155006B0024 /* Assets.xcassets */; };
		CDE33760207CF155006B0024 /* LaunchScreen.storyboard in Resources */ = {isa = PBXBuildFile; fileRef = CDE3375E207CF155006B0024 /* LaunchScreen.storyboard */; };
		CDE33769207CF2DC006B0024 /* LightRoute.framework in Frameworks */ = {isa = PBXBuildFile; fileRef = CDE33768207CF2DC006B0024 /* LightRoute.framework */; };
		CDE3376A207CF2DC006B0024 /* LightRoute.framework in Embed Frameworks */ = {isa = PBXBuildFile; fileRef = CDE33768207CF2DC006B0024 /* LightRoute.framework */; settings = {ATTRIBUTES = (CodeSignOnCopy, RemoveHeadersOnCopy, ); }; };
		CDE33771207CF570006B0024 /* Contributors.storyboard in Resources */ = {isa = PBXBuildFile; fileRef = CDE33770207CF570006B0024 /* Contributors.storyboard */; };
		CDE33773207CF5DD006B0024 /* ContributorsViewController.swift in Sources */ = {isa = PBXBuildFile; fileRef = CDE33772207CF5DD006B0024 /* ContributorsViewController.swift */; };
		CDE33776207D0D32006B0024 /* Extensions.swift in Sources */ = {isa = PBXBuildFile; fileRef = CDE33775207D0D32006B0024 /* Extensions.swift */; };
		CDE3377A207D0E88006B0024 /* MainTableViewCell.swift in Sources */ = {isa = PBXBuildFile; fileRef = CDE33778207D0E88006B0024 /* MainTableViewCell.swift */; };
		CDE3377B207D0E88006B0024 /* MainTableViewCell.xib in Resources */ = {isa = PBXBuildFile; fileRef = CDE33779207D0E88006B0024 /* MainTableViewCell.xib */; };
		CDE33780207D0FCF006B0024 /* Configurable.swift in Sources */ = {isa = PBXBuildFile; fileRef = CDE3377F207D0FCF006B0024 /* Configurable.swift */; };
		CDE33783207D104C006B0024 /* MainModel.swift in Sources */ = {isa = PBXBuildFile; fileRef = CDE33782207D104C006B0024 /* MainModel.swift */; };
		CDE33785207D1416006B0024 /* Reusable.swift in Sources */ = {isa = PBXBuildFile; fileRef = CDE33784207D1416006B0024 /* Reusable.swift */; };
		CDFFEC7A208F8FD900D897E1 /* SocialView.swift in Sources */ = {isa = PBXBuildFile; fileRef = CDFFEC79208F8FD900D897E1 /* SocialView.swift */; };
		CDFFEC7C208F9F9300D897E1 /* Social.swift in Sources */ = {isa = PBXBuildFile; fileRef = CDFFEC7B208F9F9300D897E1 /* Social.swift */; };
		CDFFEC82208FA82D00D897E1 /* ContributorCollectionViewCell.swift in Sources */ = {isa = PBXBuildFile; fileRef = CDFFEC80208FA82D00D897E1 /* ContributorCollectionViewCell.swift */; };
		CDFFEC83208FA82D00D897E1 /* ContributorCollectionViewCell.xib in Resources */ = {isa = PBXBuildFile; fileRef = CDFFEC81208FA82D00D897E1 /* ContributorCollectionViewCell.xib */; };
		CDFFEC85208FAABA00D897E1 /* ContributorModel.swift in Sources */ = {isa = PBXBuildFile; fileRef = CDFFEC84208FAABA00D897E1 /* ContributorModel.swift */; };
/* End PBXBuildFile section */

/* Begin PBXCopyFilesBuildPhase section */
		CDE3376B207CF2DC006B0024 /* Embed Frameworks */ = {
			isa = PBXCopyFilesBuildPhase;
			buildActionMask = 2147483647;
			dstPath = "";
			dstSubfolderSpec = 10;
			files = (
				CDE3376A207CF2DC006B0024 /* LightRoute.framework in Embed Frameworks */,
			);
			name = "Embed Frameworks";
			runOnlyForDeploymentPostprocessing = 0;
		};
/* End PBXCopyFilesBuildPhase section */

/* Begin PBXFileReference section */
		CD07F69E207F46AC00F0CE33 /* Style.swift */ = {isa = PBXFileReference; lastKnownFileType = sourcecode.swift; path = Style.swift; sourceTree = "<group>"; };
		CD07F6A0207F6B5000F0CE33 /* Pressable.swift */ = {isa = PBXFileReference; lastKnownFileType = sourcecode.swift; path = Pressable.swift; sourceTree = "<group>"; };
		CD23C19620865E8000B37A52 /* NavigationTransition.swift */ = {isa = PBXFileReference; lastKnownFileType = sourcecode.swift; path = NavigationTransition.swift; sourceTree = "<group>"; };
		CD2A29E8208BA78E00789343 /* NavigationDetailViewController.swift */ = {isa = PBXFileReference; lastKnownFileType = sourcecode.swift; path = NavigationDetailViewController.swift; sourceTree = "<group>"; };
		CD2A29EA208BAADE00789343 /* EmbedExampleViewController.swift */ = {isa = PBXFileReference; lastKnownFileType = sourcecode.swift; path = EmbedExampleViewController.swift; sourceTree = "<group>"; };
		CD2A29EC208BAD3100789343 /* EmbedExample.storyboard */ = {isa = PBXFileReference; lastKnownFileType = file.storyboard; path = EmbedExample.storyboard; sourceTree = "<group>"; };
		CD2A29EF208BB25E00789343 /* CustomTransitionViewController.swift */ = {isa = PBXFileReference; lastKnownFileType = sourcecode.swift; path = CustomTransitionViewController.swift; sourceTree = "<group>"; };
		CD2A29F1208BB26A00789343 /* CustomTransition.storyboard */ = {isa = PBXFileReference; lastKnownFileType = file.storyboard; path = CustomTransition.storyboard; sourceTree = "<group>"; };
		CD2A29F4208BB71300789343 /* CustomTransitioningDelegate.swift */ = {isa = PBXFileReference; lastKnownFileType = sourcecode.swift; path = CustomTransitioningDelegate.swift; sourceTree = "<group>"; };
		CD2A29F6208BB78D00789343 /* PressableView.swift */ = {isa = PBXFileReference; lastKnownFileType = sourcecode.swift; path = PressableView.swift; sourceTree = "<group>"; };
		CD2A29FA208BB97900789343 /* FrontCardView.swift */ = {isa = PBXFileReference; lastKnownFileType = sourcecode.swift; path = FrontCardView.swift; sourceTree = "<group>"; };
		CD2A29FC208BB98500789343 /* FrontCardView.xib */ = {isa = PBXFileReference; lastKnownFileType = file.xib; path = FrontCardView.xib; sourceTree = "<group>"; };
		CD2A2A01208BBC1500789343 /* CREDC___.ttf */ = {isa = PBXFileReference; lastKnownFileType = file; path = "CREDC___.ttf"; sourceTree = "<group>"; };
		CD2A2A03208BBECA00789343 /* NibInitializable.swift */ = {isa = PBXFileReference; lastKnownFileType = sourcecode.swift; path = NibInitializable.swift; sourceTree = "<group>"; };
		CD2A2A05208BC02300789343 /* CardDetailViewController.swift */ = {isa = PBXFileReference; lastKnownFileType = sourcecode.swift; path = CardDetailViewController.swift; sourceTree = "<group>"; };
		CD2A2A08208BC2A600789343 /* CardModel.swift */ = {isa = PBXFileReference; lastKnownFileType = sourcecode.swift; path = CardModel.swift; sourceTree = "<group>"; };
		CD2A2A0B208DC23400789343 /* DefaultTransitionViewController.swift */ = {isa = PBXFileReference; lastKnownFileType = sourcecode.swift; path = DefaultTransitionViewController.swift; sourceTree = "<group>"; };
		CD2A2A0D208DC25700789343 /* DefaultTransition.storyboard */ = {isa = PBXFileReference; lastKnownFileType = file.storyboard; path = DefaultTransition.storyboard; sourceTree = "<group>"; };
		CD2A2A0F208DE2F200789343 /* AboutViewController.swift */ = {isa = PBXFileReference; lastKnownFileType = sourcecode.swift; path = AboutViewController.swift; sourceTree = "<group>"; };
		CD34FEF0208E507800315F33 /* CustomMoreActionViewController.swift */ = {isa = PBXFileReference; lastKnownFileType = sourcecode.swift; path = CustomMoreActionViewController.swift; sourceTree = "<group>"; };
		CD356FB320A0771D0001FD20 /* DefaultModel.swift */ = {isa = PBXFileReference; lastKnownFileType = sourcecode.swift; path = DefaultModel.swift; sourceTree = "<group>"; };
		CD356FBA20A07C200001FD20 /* DetailAssembler.swift */ = {isa = PBXFileReference; lastKnownFileType = sourcecode.swift; path = DetailAssembler.swift; sourceTree = "<group>"; };
		CD356FBD20A07C660001FD20 /* DetailViewController.swift */ = {isa = PBXFileReference; lastKnownFileType = sourcecode.swift; path = DetailViewController.swift; sourceTree = "<group>"; };
		CD356FBF20A07C7A0001FD20 /* DetailViewIO.swift */ = {isa = PBXFileReference; lastKnownFileType = sourcecode.swift; path = DetailViewIO.swift; sourceTree = "<group>"; };
		CD356FC120A07CAF0001FD20 /* DetailPresenter.swift */ = {isa = PBXFileReference; lastKnownFileType = sourcecode.swift; path = DetailPresenter.swift; sourceTree = "<group>"; };
		CD356FC320A07CD30001FD20 /* DetailModuleInput.swift */ = {isa = PBXFileReference; lastKnownFileType = sourcecode.swift; path = DetailModuleInput.swift; sourceTree = "<group>"; };
		CD356FC520A07D230001FD20 /* DetailRouter.swift */ = {isa = PBXFileReference; lastKnownFileType = sourcecode.swift; path = DetailRouter.swift; sourceTree = "<group>"; };
		CD356FC720A07D550001FD20 /* DetailRouterInput.swift */ = {isa = PBXFileReference; lastKnownFileType = sourcecode.swift; path = DetailRouterInput.swift; sourceTree = "<group>"; };
		CDD64D51208B7D1A00964491 /* NavigationTransition.storyboard */ = {isa = PBXFileReference; lastKnownFileType = file.storyboard; path = NavigationTransition.storyboard; sourceTree = "<group>"; };
		CDD64D57208B98B600964491 /* NavigationCollectionViewCell.swift */ = {isa = PBXFileReference; lastKnownFileType = sourcecode.swift; path = NavigationCollectionViewCell.swift; sourceTree = "<group>"; };
		CDD64D58208B98B600964491 /* NavigationCollectionViewCell.xib */ = {isa = PBXFileReference; lastKnownFileType = file.xib; path = NavigationCollectionViewCell.xib; sourceTree = "<group>"; };
		CDD64D5C208B99F400964491 /* NavigationModel.swift */ = {isa = PBXFileReference; lastKnownFileType = sourcecode.swift; path = NavigationModel.swift; sourceTree = "<group>"; };
		CDE33752207CF154006B0024 /* iOS Example.app */ = {isa = PBXFileReference; explicitFileType = wrapper.application; includeInIndex = 0; path = "iOS Example.app"; sourceTree = BUILT_PRODUCTS_DIR; };
		CDE33755207CF154006B0024 /* AppDelegate.swift */ = {isa = PBXFileReference; lastKnownFileType = sourcecode.swift; path = AppDelegate.swift; sourceTree = "<group>"; };
		CDE33757207CF154006B0024 /* MainViewController.swift */ = {isa = PBXFileReference; lastKnownFileType = sourcecode.swift; path = MainViewController.swift; sourceTree = "<group>"; };
		CDE3375A207CF154006B0024 /* Base */ = {isa = PBXFileReference; lastKnownFileType = file.storyboard; name = Base; path = Base.lproj/Main.storyboard; sourceTree = "<group>"; };
		CDE3375C207CF155006B0024 /* Assets.xcassets */ = {isa = PBXFileReference; lastKnownFileType = folder.assetcatalog; path = Assets.xcassets; sourceTree = "<group>"; };
		CDE3375F207CF155006B0024 /* Base */ = {isa = PBXFileReference; lastKnownFileType = file.storyboard; name = Base; path = Base.lproj/LaunchScreen.storyboard; sourceTree = "<group>"; };
		CDE33761207CF155006B0024 /* Info.plist */ = {isa = PBXFileReference; lastKnownFileType = text.plist.xml; path = Info.plist; sourceTree = "<group>"; };
		CDE33768207CF2DC006B0024 /* LightRoute.framework */ = {isa = PBXFileReference; explicitFileType = wrapper.framework; path = LightRoute.framework; sourceTree = BUILT_PRODUCTS_DIR; };
		CDE33770207CF570006B0024 /* Contributors.storyboard */ = {isa = PBXFileReference; lastKnownFileType = file.storyboard; path = Contributors.storyboard; sourceTree = "<group>"; };
		CDE33772207CF5DD006B0024 /* ContributorsViewController.swift */ = {isa = PBXFileReference; lastKnownFileType = sourcecode.swift; path = ContributorsViewController.swift; sourceTree = "<group>"; };
		CDE33775207D0D32006B0024 /* Extensions.swift */ = {isa = PBXFileReference; lastKnownFileType = sourcecode.swift; path = Extensions.swift; sourceTree = "<group>"; };
		CDE33778207D0E88006B0024 /* MainTableViewCell.swift */ = {isa = PBXFileReference; lastKnownFileType = sourcecode.swift; path = MainTableViewCell.swift; sourceTree = "<group>"; };
		CDE33779207D0E88006B0024 /* MainTableViewCell.xib */ = {isa = PBXFileReference; lastKnownFileType = file.xib; path = MainTableViewCell.xib; sourceTree = "<group>"; };
		CDE3377F207D0FCF006B0024 /* Configurable.swift */ = {isa = PBXFileReference; lastKnownFileType = sourcecode.swift; path = Configurable.swift; sourceTree = "<group>"; };
		CDE33782207D104C006B0024 /* MainModel.swift */ = {isa = PBXFileReference; lastKnownFileType = sourcecode.swift; path = MainModel.swift; sourceTree = "<group>"; };
		CDE33784207D1416006B0024 /* Reusable.swift */ = {isa = PBXFileReference; lastKnownFileType = sourcecode.swift; path = Reusable.swift; sourceTree = "<group>"; };
		CDFFEC79208F8FD900D897E1 /* SocialView.swift */ = {isa = PBXFileReference; lastKnownFileType = sourcecode.swift; path = SocialView.swift; sourceTree = "<group>"; };
		CDFFEC7B208F9F9300D897E1 /* Social.swift */ = {isa = PBXFileReference; lastKnownFileType = sourcecode.swift; path = Social.swift; sourceTree = "<group>"; };
		CDFFEC80208FA82D00D897E1 /* ContributorCollectionViewCell.swift */ = {isa = PBXFileReference; lastKnownFileType = sourcecode.swift; path = ContributorCollectionViewCell.swift; sourceTree = "<group>"; };
		CDFFEC81208FA82D00D897E1 /* ContributorCollectionViewCell.xib */ = {isa = PBXFileReference; lastKnownFileType = file.xib; path = ContributorCollectionViewCell.xib; sourceTree = "<group>"; };
		CDFFEC84208FAABA00D897E1 /* ContributorModel.swift */ = {isa = PBXFileReference; lastKnownFileType = sourcecode.swift; path = ContributorModel.swift; sourceTree = "<group>"; };
/* End PBXFileReference section */

/* Begin PBXFrameworksBuildPhase section */
		CDE3374F207CF154006B0024 /* Frameworks */ = {
			isa = PBXFrameworksBuildPhase;
			buildActionMask = 2147483647;
			files = (
				CDE33769207CF2DC006B0024 /* LightRoute.framework in Frameworks */,
			);
			runOnlyForDeploymentPostprocessing = 0;
		};
/* End PBXFrameworksBuildPhase section */

/* Begin PBXGroup section */
		CD23C19420865E5100B37A52 /* Navigation Example */ = {
			isa = PBXGroup;
			children = (
				CDD64D5B208B99D500964491 /* Model */,
				CDD64D56208B987B00964491 /* Cells */,
				CD23C19620865E8000B37A52 /* NavigationTransition.swift */,
				CDD64D51208B7D1A00964491 /* NavigationTransition.storyboard */,
				CD2A29E8208BA78E00789343 /* NavigationDetailViewController.swift */,
			);
			path = "Navigation Example";
			sourceTree = "<group>";
		};
		CD2A29EE208BB22200789343 /* Custom Example */ = {
			isa = PBXGroup;
			children = (
				CD2A2A07208BC29C00789343 /* Model */,
				CD2A29F8208BB93700789343 /* Views */,
				CD2A29F3208BB6F600789343 /* CustomTransitioningDelegate */,
				CD2A29EF208BB25E00789343 /* CustomTransitionViewController.swift */,
				CD2A29F1208BB26A00789343 /* CustomTransition.storyboard */,
				CD2A2A05208BC02300789343 /* CardDetailViewController.swift */,
				CD34FEF0208E507800315F33 /* CustomMoreActionViewController.swift */,
			);
			path = "Custom Example";
			sourceTree = "<group>";
		};
		CD2A29F3208BB6F600789343 /* CustomTransitioningDelegate */ = {
			isa = PBXGroup;
			children = (
				CD2A29F4208BB71300789343 /* CustomTransitioningDelegate.swift */,
			);
			path = CustomTransitioningDelegate;
			sourceTree = "<group>";
		};
		CD2A29F8208BB93700789343 /* Views */ = {
			isa = PBXGroup;
			children = (
				CD2A29F9208BB94E00789343 /* FrontCard */,
			);
			path = Views;
			sourceTree = "<group>";
		};
		CD2A29F9208BB94E00789343 /* FrontCard */ = {
			isa = PBXGroup;
			children = (
				CD2A29FA208BB97900789343 /* FrontCardView.swift */,
				CD2A29FC208BB98500789343 /* FrontCardView.xib */,
			);
			path = FrontCard;
			sourceTree = "<group>";
		};
		CD2A29FF208BBBFB00789343 /* Resources */ = {
			isa = PBXGroup;
			children = (
				CD2A2A00208BBC0200789343 /* Fonts */,
			);
			path = Resources;
			sourceTree = "<group>";
		};
		CD2A2A00208BBC0200789343 /* Fonts */ = {
			isa = PBXGroup;
			children = (
				CD2A2A01208BBC1500789343 /* CREDC___.ttf */,
			);
			path = Fonts;
			sourceTree = "<group>";
		};
		CD2A2A07208BC29C00789343 /* Model */ = {
			isa = PBXGroup;
			children = (
				CD2A2A08208BC2A600789343 /* CardModel.swift */,
			);
			path = Model;
			sourceTree = "<group>";
		};
		CD2A2A0A208DC1E700789343 /* Default Example */ = {
			isa = PBXGroup;
			children = (
				CD356FB520A07B460001FD20 /* DetailModule */,
				CD356FB220A077040001FD20 /* Model */,
				CD2A2A0B208DC23400789343 /* DefaultTransitionViewController.swift */,
				CD2A2A0D208DC25700789343 /* DefaultTransition.storyboard */,
			);
			path = "Default Example";
			sourceTree = "<group>";
		};
		CD34FEEE208E459100315F33 /* Examples */ = {
			isa = PBXGroup;
			children = (
				CD23C19420865E5100B37A52 /* Navigation Example */,
				CD2A29EE208BB22200789343 /* Custom Example */,
				CD2A2A0A208DC1E700789343 /* Default Example */,
				CDE3376E207CF3F1006B0024 /* Embed Example */,
			);
			path = Examples;
			sourceTree = "<group>";
		};
		CD34FEEF208E474B00315F33 /* Model */ = {
			isa = PBXGroup;
			children = (
				CDFFEC84208FAABA00D897E1 /* ContributorModel.swift */,
			);
			path = Model;
			sourceTree = "<group>";
		};
		CD356FB220A077040001FD20 /* Model */ = {
			isa = PBXGroup;
			children = (
				CD356FB320A0771D0001FD20 /* DefaultModel.swift */,
			);
			path = Model;
			sourceTree = "<group>";
		};
		CD356FB520A07B460001FD20 /* DetailModule */ = {
			isa = PBXGroup;
			children = (
				CD356FB920A07BFB0001FD20 /* Assembler */,
				CD356FB820A07B5E0001FD20 /* Presenter */,
				CD356FB720A07B570001FD20 /* Router */,
				CD356FB620A07B540001FD20 /* View */,
			);
			path = DetailModule;
			sourceTree = "<group>";
		};
		CD356FB620A07B540001FD20 /* View */ = {
			isa = PBXGroup;
			children = (
				CD356FBD20A07C660001FD20 /* DetailViewController.swift */,
				CD356FBF20A07C7A0001FD20 /* DetailViewIO.swift */,
			);
			path = View;
			sourceTree = "<group>";
		};
		CD356FB720A07B570001FD20 /* Router */ = {
			isa = PBXGroup;
			children = (
				CD356FC520A07D230001FD20 /* DetailRouter.swift */,
				CD356FC720A07D550001FD20 /* DetailRouterInput.swift */,
			);
			path = Router;
			sourceTree = "<group>";
		};
		CD356FB820A07B5E0001FD20 /* Presenter */ = {
			isa = PBXGroup;
			children = (
				CD356FC120A07CAF0001FD20 /* DetailPresenter.swift */,
				CD356FC320A07CD30001FD20 /* DetailModuleInput.swift */,
			);
			path = Presenter;
			sourceTree = "<group>";
		};
		CD356FB920A07BFB0001FD20 /* Assembler */ = {
			isa = PBXGroup;
			children = (
				CD356FBA20A07C200001FD20 /* DetailAssembler.swift */,
			);
			path = Assembler;
			sourceTree = "<group>";
		};
		CDD64D56208B987B00964491 /* Cells */ = {
			isa = PBXGroup;
			children = (
				CDD64D57208B98B600964491 /* NavigationCollectionViewCell.swift */,
				CDD64D58208B98B600964491 /* NavigationCollectionViewCell.xib */,
			);
			path = Cells;
			sourceTree = "<group>";
		};
		CDD64D5B208B99D500964491 /* Model */ = {
			isa = PBXGroup;
			children = (
				CDD64D5C208B99F400964491 /* NavigationModel.swift */,
			);
			path = Model;
			sourceTree = "<group>";
		};
		CDE33749207CF154006B0024 = {
			isa = PBXGroup;
			children = (
				CDE33768207CF2DC006B0024 /* LightRoute.framework */,
				CD2A29FF208BBBFB00789343 /* Resources */,
				CDE33754207CF154006B0024 /* Source */,
				CDE33753207CF154006B0024 /* Products */,
			);
			sourceTree = "<group>";
		};
		CDE33753207CF154006B0024 /* Products */ = {
			isa = PBXGroup;
			children = (
				CDE33752207CF154006B0024 /* iOS Example.app */,
			);
			name = Products;
			sourceTree = "<group>";
		};
		CDE33754207CF154006B0024 /* Source */ = {
			isa = PBXGroup;
			children = (
				CDE3377C207D0F1E006B0024 /* Common */,
				CDE33774207D0D26006B0024 /* Helpers */,
				CDE3376C207CF371006B0024 /* ViewControllers */,
				CDE33755207CF154006B0024 /* AppDelegate.swift */,
				CDE3375C207CF155006B0024 /* Assets.xcassets */,
				CDE3375E207CF155006B0024 /* LaunchScreen.storyboard */,
				CDE33761207CF155006B0024 /* Info.plist */,
			);
			path = Source;
			sourceTree = "<group>";
		};
		CDE3376C207CF371006B0024 /* ViewControllers */ = {
			isa = PBXGroup;
			children = (
				CD34FEEE208E459100315F33 /* Examples */,
				CDE3376F207CF51F006B0024 /* Contributors */,
				CDE3376D207CF3E9006B0024 /* Main */,
			);
			path = ViewControllers;
			sourceTree = "<group>";
		};
		CDE3376D207CF3E9006B0024 /* Main */ = {
			isa = PBXGroup;
			children = (
				CDE33781207D103A006B0024 /* Model */,
				CDE33777207D0E6E006B0024 /* Cells */,
				CDE33759207CF154006B0024 /* Main.storyboard */,
				CDE33757207CF154006B0024 /* MainViewController.swift */,
				CD2A2A0F208DE2F200789343 /* AboutViewController.swift */,
			);
			path = Main;
			sourceTree = "<group>";
		};
		CDE3376E207CF3F1006B0024 /* Embed Example */ = {
			isa = PBXGroup;
			children = (
				CD2A29EA208BAADE00789343 /* EmbedExampleViewController.swift */,
				CD2A29EC208BAD3100789343 /* EmbedExample.storyboard */,
			);
			path = "Embed Example";
			sourceTree = "<group>";
		};
		CDE3376F207CF51F006B0024 /* Contributors */ = {
			isa = PBXGroup;
			children = (
				CDFFEC7D208FA7FB00D897E1 /* Cell */,
				CD34FEEF208E474B00315F33 /* Model */,
				CDE33770207CF570006B0024 /* Contributors.storyboard */,
				CDE33772207CF5DD006B0024 /* ContributorsViewController.swift */,
			);
			path = Contributors;
			sourceTree = "<group>";
		};
		CDE33774207D0D26006B0024 /* Helpers */ = {
			isa = PBXGroup;
			children = (
				CDE33775207D0D32006B0024 /* Extensions.swift */,
				CDE3377F207D0FCF006B0024 /* Configurable.swift */,
				CDE33784207D1416006B0024 /* Reusable.swift */,
				CD07F6A0207F6B5000F0CE33 /* Pressable.swift */,
				CD2A2A03208BBECA00789343 /* NibInitializable.swift */,
			);
			path = Helpers;
			sourceTree = "<group>";
		};
		CDE33777207D0E6E006B0024 /* Cells */ = {
			isa = PBXGroup;
			children = (
				CDE33778207D0E88006B0024 /* MainTableViewCell.swift */,
				CDE33779207D0E88006B0024 /* MainTableViewCell.xib */,
				CDFFEC79208F8FD900D897E1 /* SocialView.swift */,
			);
			path = Cells;
			sourceTree = "<group>";
		};
		CDE3377C207D0F1E006B0024 /* Common */ = {
			isa = PBXGroup;
			children = (
				CD07F69E207F46AC00F0CE33 /* Style.swift */,
				CD2A29F6208BB78D00789343 /* PressableView.swift */,
			);
			path = Common;
			sourceTree = "<group>";
		};
		CDE33781207D103A006B0024 /* Model */ = {
			isa = PBXGroup;
			children = (
				CDE33782207D104C006B0024 /* MainModel.swift */,
				CDFFEC7B208F9F9300D897E1 /* Social.swift */,
			);
			path = Model;
			sourceTree = "<group>";
		};
		CDFFEC7D208FA7FB00D897E1 /* Cell */ = {
			isa = PBXGroup;
			children = (
				CDFFEC80208FA82D00D897E1 /* ContributorCollectionViewCell.swift */,
				CDFFEC81208FA82D00D897E1 /* ContributorCollectionViewCell.xib */,
			);
			path = Cell;
			sourceTree = "<group>";
		};
/* End PBXGroup section */

/* Begin PBXNativeTarget section */
		CDE33751207CF154006B0024 /* iOS Example */ = {
			isa = PBXNativeTarget;
			buildConfigurationList = CDE33764207CF155006B0024 /* Build configuration list for PBXNativeTarget "iOS Example" */;
			buildPhases = (
				CDE3374E207CF154006B0024 /* Sources */,
				CDE3374F207CF154006B0024 /* Frameworks */,
				CDE33750207CF154006B0024 /* Resources */,
				CDE3376B207CF2DC006B0024 /* Embed Frameworks */,
			);
			buildRules = (
			);
			dependencies = (
			);
			name = "iOS Example";
			productName = "iOS Example";
			productReference = CDE33752207CF154006B0024 /* iOS Example.app */;
			productType = "com.apple.product-type.application";
		};
/* End PBXNativeTarget section */

/* Begin PBXProject section */
		CDE3374A207CF154006B0024 /* Project object */ = {
			isa = PBXProject;
			attributes = {
				LastSwiftUpdateCheck = 0930;
				LastUpgradeCheck = 0930;
				ORGANIZATIONNAME = v.a.prusakov;
				TargetAttributes = {
					CDE33751207CF154006B0024 = {
						CreatedOnToolsVersion = 9.3;
					};
				};
			};
			buildConfigurationList = CDE3374D207CF154006B0024 /* Build configuration list for PBXProject "iOS Example" */;
			compatibilityVersion = "Xcode 9.3";
			developmentRegion = en;
			hasScannedForEncodings = 0;
			knownRegions = (
				en,
				Base,
			);
			mainGroup = CDE33749207CF154006B0024;
			productRefGroup = CDE33753207CF154006B0024 /* Products */;
			projectDirPath = "";
			projectRoot = "";
			targets = (
				CDE33751207CF154006B0024 /* iOS Example */,
			);
		};
/* End PBXProject section */

/* Begin PBXResourcesBuildPhase section */
		CDE33750207CF154006B0024 /* Resources */ = {
			isa = PBXResourcesBuildPhase;
			buildActionMask = 2147483647;
			files = (
				CDD64D5A208B98B600964491 /* NavigationCollectionViewCell.xib in Resources */,
				CDFFEC83208FA82D00D897E1 /* ContributorCollectionViewCell.xib in Resources */,
				CDE33771207CF570006B0024 /* Contributors.storyboard in Resources */,
				CD2A29F2208BB26A00789343 /* CustomTransition.storyboard in Resources */,
				CD2A2A02208BBC1500789343 /* CREDC___.ttf in Resources */,
				CDD64D52208B7D1A00964491 /* NavigationTransition.storyboard in Resources */,
				CDE33760207CF155006B0024 /* LaunchScreen.storyboard in Resources */,
				CD2A29FD208BB98500789343 /* FrontCardView.xib in Resources */,
				CD2A2A0E208DC25700789343 /* DefaultTransition.storyboard in Resources */,
				CDE3375D207CF155006B0024 /* Assets.xcassets in Resources */,
				CDE3375B207CF154006B0024 /* Main.storyboard in Resources */,
				CDE3377B207D0E88006B0024 /* MainTableViewCell.xib in Resources */,
				CD2A29ED208BAD3100789343 /* EmbedExample.storyboard in Resources */,
			);
			runOnlyForDeploymentPostprocessing = 0;
		};
/* End PBXResourcesBuildPhase section */

/* Begin PBXSourcesBuildPhase section */
		CDE3374E207CF154006B0024 /* Sources */ = {
			isa = PBXSourcesBuildPhase;
			buildActionMask = 2147483647;
			files = (
				CD2A29E9208BA78E00789343 /* NavigationDetailViewController.swift in Sources */,
				CD2A2A09208BC2A600789343 /* CardModel.swift in Sources */,
				CD356FBB20A07C200001FD20 /* DetailAssembler.swift in Sources */,
				CD356FC020A07C7A0001FD20 /* DetailViewIO.swift in Sources */,
				CDE33758207CF154006B0024 /* MainViewController.swift in Sources */,
				CDFFEC7A208F8FD900D897E1 /* SocialView.swift in Sources */,
				CD2A2A0C208DC23400789343 /* DefaultTransitionViewController.swift in Sources */,
				CDE33773207CF5DD006B0024 /* ContributorsViewController.swift in Sources */,
				CD356FBE20A07C660001FD20 /* DetailViewController.swift in Sources */,
				CDE33783207D104C006B0024 /* MainModel.swift in Sources */,
				CD2A2A10208DE2F200789343 /* AboutViewController.swift in Sources */,
				CD2A29F0208BB25E00789343 /* CustomTransitionViewController.swift in Sources */,
				CDE33785207D1416006B0024 /* Reusable.swift in Sources */,
				CD07F6A1207F6B5000F0CE33 /* Pressable.swift in Sources */,
				CDE33780207D0FCF006B0024 /* Configurable.swift in Sources */,
				CDFFEC82208FA82D00D897E1 /* ContributorCollectionViewCell.swift in Sources */,
				CDE33776207D0D32006B0024 /* Extensions.swift in Sources */,
				CD356FC420A07CD30001FD20 /* DetailModuleInput.swift in Sources */,
				CD2A29F5208BB71300789343 /* CustomTransitioningDelegate.swift in Sources */,
				CD23C19720865E8000B37A52 /* NavigationTransition.swift in Sources */,
				CDD64D59208B98B600964491 /* NavigationCollectionViewCell.swift in Sources */,
				CDE33756207CF154006B0024 /* AppDelegate.swift in Sources */,
				CD2A2A06208BC02300789343 /* CardDetailViewController.swift in Sources */,
				CD356FB420A0771D0001FD20 /* DefaultModel.swift in Sources */,
				CDD64D5D208B99F400964491 /* NavigationModel.swift in Sources */,
				CD34FEF1208E507800315F33 /* CustomMoreActionViewController.swift in Sources */,
				CD2A29F7208BB78D00789343 /* PressableView.swift in Sources */,
				CDE3377A207D0E88006B0024 /* MainTableViewCell.swift in Sources */,
				CD2A29FB208BB97900789343 /* FrontCardView.swift in Sources */,
				CD2A29EB208BAADE00789343 /* EmbedExampleViewController.swift in Sources */,
				CDFFEC85208FAABA00D897E1 /* ContributorModel.swift in Sources */,
				CD07F69F207F46AC00F0CE33 /* Style.swift in Sources */,
				CD2A2A04208BBECA00789343 /* NibInitializable.swift in Sources */,
				CD356FC620A07D230001FD20 /* DetailRouter.swift in Sources */,
				CD356FC820A07D550001FD20 /* DetailRouterInput.swift in Sources */,
				CDFFEC7C208F9F9300D897E1 /* Social.swift in Sources */,
				CD356FC220A07CAF0001FD20 /* DetailPresenter.swift in Sources */,
			);
			runOnlyForDeploymentPostprocessing = 0;
		};
/* End PBXSourcesBuildPhase section */

/* Begin PBXVariantGroup section */
		CDE33759207CF154006B0024 /* Main.storyboard */ = {
			isa = PBXVariantGroup;
			children = (
				CDE3375A207CF154006B0024 /* Base */,
			);
			name = Main.storyboard;
			sourceTree = "<group>";
		};
		CDE3375E207CF155006B0024 /* LaunchScreen.storyboard */ = {
			isa = PBXVariantGroup;
			children = (
				CDE3375F207CF155006B0024 /* Base */,
			);
			name = LaunchScreen.storyboard;
			sourceTree = "<group>";
		};
/* End PBXVariantGroup section */

/* Begin XCBuildConfiguration section */
		CDE33762207CF155006B0024 /* Debug */ = {
			isa = XCBuildConfiguration;
			buildSettings = {
				ALWAYS_SEARCH_USER_PATHS = NO;
				CLANG_ANALYZER_NONNULL = YES;
				CLANG_ANALYZER_NUMBER_OBJECT_CONVERSION = YES_AGGRESSIVE;
				CLANG_CXX_LANGUAGE_STANDARD = "gnu++14";
				CLANG_CXX_LIBRARY = "libc++";
				CLANG_ENABLE_MODULES = YES;
				CLANG_ENABLE_OBJC_ARC = YES;
				CLANG_ENABLE_OBJC_WEAK = YES;
				CLANG_WARN_BLOCK_CAPTURE_AUTORELEASING = YES;
				CLANG_WARN_BOOL_CONVERSION = YES;
				CLANG_WARN_COMMA = YES;
				CLANG_WARN_CONSTANT_CONVERSION = YES;
				CLANG_WARN_DEPRECATED_OBJC_IMPLEMENTATIONS = YES;
				CLANG_WARN_DIRECT_OBJC_ISA_USAGE = YES_ERROR;
				CLANG_WARN_DOCUMENTATION_COMMENTS = YES;
				CLANG_WARN_EMPTY_BODY = YES;
				CLANG_WARN_ENUM_CONVERSION = YES;
				CLANG_WARN_INFINITE_RECURSION = YES;
				CLANG_WARN_INT_CONVERSION = YES;
				CLANG_WARN_NON_LITERAL_NULL_CONVERSION = YES;
				CLANG_WARN_OBJC_IMPLICIT_RETAIN_SELF = YES;
				CLANG_WARN_OBJC_LITERAL_CONVERSION = YES;
				CLANG_WARN_OBJC_ROOT_CLASS = YES_ERROR;
				CLANG_WARN_RANGE_LOOP_ANALYSIS = YES;
				CLANG_WARN_STRICT_PROTOTYPES = YES;
				CLANG_WARN_SUSPICIOUS_MOVE = YES;
				CLANG_WARN_UNGUARDED_AVAILABILITY = YES_AGGRESSIVE;
				CLANG_WARN_UNREACHABLE_CODE = YES;
				CLANG_WARN__DUPLICATE_METHOD_MATCH = YES;
				CODE_SIGN_IDENTITY = "iPhone Developer";
				COPY_PHASE_STRIP = NO;
				DEBUG_INFORMATION_FORMAT = dwarf;
				ENABLE_STRICT_OBJC_MSGSEND = YES;
				ENABLE_TESTABILITY = YES;
				GCC_C_LANGUAGE_STANDARD = gnu11;
				GCC_DYNAMIC_NO_PIC = NO;
				GCC_NO_COMMON_BLOCKS = YES;
				GCC_OPTIMIZATION_LEVEL = 0;
				GCC_PREPROCESSOR_DEFINITIONS = (
					"DEBUG=1",
					"$(inherited)",
				);
				GCC_WARN_64_TO_32_BIT_CONVERSION = YES;
				GCC_WARN_ABOUT_RETURN_TYPE = YES_ERROR;
				GCC_WARN_UNDECLARED_SELECTOR = YES;
				GCC_WARN_UNINITIALIZED_AUTOS = YES_AGGRESSIVE;
				GCC_WARN_UNUSED_FUNCTION = YES;
				GCC_WARN_UNUSED_VARIABLE = YES;
				IPHONEOS_DEPLOYMENT_TARGET = 9.0;
				MTL_ENABLE_DEBUG_INFO = YES;
				ONLY_ACTIVE_ARCH = YES;
				SDKROOT = iphoneos;
				SWIFT_ACTIVE_COMPILATION_CONDITIONS = DEBUG;
				SWIFT_OPTIMIZATION_LEVEL = "-Onone";
			};
			name = Debug;
		};
		CDE33763207CF155006B0024 /* Release */ = {
			isa = XCBuildConfiguration;
			buildSettings = {
				ALWAYS_SEARCH_USER_PATHS = NO;
				CLANG_ANALYZER_NONNULL = YES;
				CLANG_ANALYZER_NUMBER_OBJECT_CONVERSION = YES_AGGRESSIVE;
				CLANG_CXX_LANGUAGE_STANDARD = "gnu++14";
				CLANG_CXX_LIBRARY = "libc++";
				CLANG_ENABLE_MODULES = YES;
				CLANG_ENABLE_OBJC_ARC = YES;
				CLANG_ENABLE_OBJC_WEAK = YES;
				CLANG_WARN_BLOCK_CAPTURE_AUTORELEASING = YES;
				CLANG_WARN_BOOL_CONVERSION = YES;
				CLANG_WARN_COMMA = YES;
				CLANG_WARN_CONSTANT_CONVERSION = YES;
				CLANG_WARN_DEPRECATED_OBJC_IMPLEMENTATIONS = YES;
				CLANG_WARN_DIRECT_OBJC_ISA_USAGE = YES_ERROR;
				CLANG_WARN_DOCUMENTATION_COMMENTS = YES;
				CLANG_WARN_EMPTY_BODY = YES;
				CLANG_WARN_ENUM_CONVERSION = YES;
				CLANG_WARN_INFINITE_RECURSION = YES;
				CLANG_WARN_INT_CONVERSION = YES;
				CLANG_WARN_NON_LITERAL_NULL_CONVERSION = YES;
				CLANG_WARN_OBJC_IMPLICIT_RETAIN_SELF = YES;
				CLANG_WARN_OBJC_LITERAL_CONVERSION = YES;
				CLANG_WARN_OBJC_ROOT_CLASS = YES_ERROR;
				CLANG_WARN_RANGE_LOOP_ANALYSIS = YES;
				CLANG_WARN_STRICT_PROTOTYPES = YES;
				CLANG_WARN_SUSPICIOUS_MOVE = YES;
				CLANG_WARN_UNGUARDED_AVAILABILITY = YES_AGGRESSIVE;
				CLANG_WARN_UNREACHABLE_CODE = YES;
				CLANG_WARN__DUPLICATE_METHOD_MATCH = YES;
				CODE_SIGN_IDENTITY = "iPhone Developer";
				COPY_PHASE_STRIP = NO;
				DEBUG_INFORMATION_FORMAT = "dwarf-with-dsym";
				ENABLE_NS_ASSERTIONS = NO;
				ENABLE_STRICT_OBJC_MSGSEND = YES;
				GCC_C_LANGUAGE_STANDARD = gnu11;
				GCC_NO_COMMON_BLOCKS = YES;
				GCC_WARN_64_TO_32_BIT_CONVERSION = YES;
				GCC_WARN_ABOUT_RETURN_TYPE = YES_ERROR;
				GCC_WARN_UNDECLARED_SELECTOR = YES;
				GCC_WARN_UNINITIALIZED_AUTOS = YES_AGGRESSIVE;
				GCC_WARN_UNUSED_FUNCTION = YES;
				GCC_WARN_UNUSED_VARIABLE = YES;
				IPHONEOS_DEPLOYMENT_TARGET = 9.0;
				MTL_ENABLE_DEBUG_INFO = NO;
				SDKROOT = iphoneos;
				SWIFT_COMPILATION_MODE = wholemodule;
				SWIFT_OPTIMIZATION_LEVEL = "-O";
				VALIDATE_PRODUCT = YES;
			};
			name = Release;
		};
		CDE33765207CF155006B0024 /* Debug */ = {
			isa = XCBuildConfiguration;
			buildSettings = {
				ASSETCATALOG_COMPILER_APPICON_NAME = AppIcon;
				CODE_SIGN_STYLE = Automatic;
				DEVELOPMENT_TEAM = 8PYCRS3EA3;
				INFOPLIST_FILE = "$(SRCROOT)/Source/Info.plist";
				LD_RUNPATH_SEARCH_PATHS = (
					"$(inherited)",
					"@executable_path/Frameworks",
				);
				PRODUCT_BUNDLE_IDENTIFIER = "ru.hipsterknight.LightRoute.iOS-Example";
				PRODUCT_NAME = "$(TARGET_NAME)";
				SWIFT_VERSION = 4.0;
				TARGETED_DEVICE_FAMILY = "1,2";
			};
			name = Debug;
		};
		CDE33766207CF155006B0024 /* Release */ = {
			isa = XCBuildConfiguration;
			buildSettings = {
				ASSETCATALOG_COMPILER_APPICON_NAME = AppIcon;
				CODE_SIGN_STYLE = Automatic;
				DEVELOPMENT_TEAM = 8PYCRS3EA3;
				INFOPLIST_FILE = "$(SRCROOT)/Source/Info.plist";
				LD_RUNPATH_SEARCH_PATHS = (
					"$(inherited)",
					"@executable_path/Frameworks",
				);
				PRODUCT_BUNDLE_IDENTIFIER = "ru.hipsterknight.LightRoute.iOS-Example";
				PRODUCT_NAME = "$(TARGET_NAME)";
				SWIFT_VERSION = 4.0;
				TARGETED_DEVICE_FAMILY = "1,2";
			};
			name = Release;
		};
/* End XCBuildConfiguration section */

/* Begin XCConfigurationList section */
		CDE3374D207CF154006B0024 /* Build configuration list for PBXProject "iOS Example" */ = {
			isa = XCConfigurationList;
			buildConfigurations = (
				CDE33762207CF155006B0024 /* Debug */,
				CDE33763207CF155006B0024 /* Release */,
			);
			defaultConfigurationIsVisible = 0;
			defaultConfigurationName = Release;
		};
		CDE33764207CF155006B0024 /* Build configuration list for PBXNativeTarget "iOS Example" */ = {
			isa = XCConfigurationList;
			buildConfigurations = (
				CDE33765207CF155006B0024 /* Debug */,
				CDE33766207CF155006B0024 /* Release */,
			);
			defaultConfigurationIsVisible = 0;
			defaultConfigurationName = Release;
		};
/* End XCConfigurationList section */
	};
	rootObject = CDE3374A207CF154006B0024 /* Project object */;
}
